{
  "name": "kml2dxf",
  "version": "1.0.0",
  "lockfileVersion": 3,
  "requires": true,
  "packages": {
    "": {
      "name": "kml2dxf",
      "version": "1.0.0",
      "license": "ISC",
      "devDependencies": {
        "@xmldom/xmldom": "^0.8.10",
        "proj4": "^2.9.0"
      }
    },
    "node_modules/@xmldom/xmldom": {
      "version": "0.8.10",
      "resolved": "https://registry.npmjs.org/@xmldom/xmldom/-/xmldom-0.8.10.tgz",
      "integrity": "sha512-2WALfTl4xo2SkGCYRt6rDTFfk9R1czmBvUQy12gK2KuRKIpWEhcbbzy8EZXtz/jkRqHX8bFEc6FC1HjX4TUWYw==",
      "deprecated": "this version has critical issues, please update to the latest version",
      "dev": true,
      "license": "MIT",
      "engines": {
        "node": ">=10.0.0"
      }
    },
    "node_modules/mgrs": {
      "version": "1.0.0",
      "resolved": "https://registry.npmjs.org/mgrs/-/mgrs-1.0.0.tgz",
      "integrity": "sha512-awNbTOqCxK1DBGjalK3xqWIstBZgN6fxsMSiXLs9/spqWkF2pAhb2rrYCFSsr1/tT7PhcDGjZndG8SWYn0byYA==",
      "dev": true,
      "license": "MIT"
    },
    "node_modules/proj4": {
      "version": "2.9.0",
      "resolved": "https://registry.npmjs.org/proj4/-/proj4-2.9.0.tgz",
      "integrity": "sha512-BoDXEzCVnRJVZoOKA0QHTFtYoE8lUxtX1jST38DJ8U+v1ixY70Kpwi0Llu6YqSWEH2xqu4XMEBNGcgeRIEywoA==",
      "dev": true,
      "license": "MIT",
      "dependencies": {
        "mgrs": "1.0.0",
        "wkt-parser": "^1.3.1"
      }
    },
    "node_modules/wkt-parser": {
      "version": "1.5.6",
      "resolved": "https://registry.npmjs.org/wkt-parser/-/wkt-parser-1.5.6.tgz",
      "integrity": "sha512-cqHU3lzGt/gt2OqIORP0uVy5yeOX43WABmgFkmJsmcqH3HhQo9PiJG6ftytwGKmpQUbegeX7+pQc2BuNCRfcrw==",
      "dev": true,
      "license": "MIT",
      "funding": {
        "url": "https://github.com/sponsors/ahocevar"
      }
    }
  }
}
